
Microsoft Visual Studio Solution File, Format Version 12.00
# Visual Studio 14
VisualStudioVersion = 14.0.25420.1
MinimumVisualStudioVersion = 10.0.40219.1
Project("{8BC9CEB8-8B4A-11D0-8D11-00A0C91BC942}") = "Client", "Client\Default\SR_BaseEngine.vcxproj", "{1C957C23-C966-43FA-9D22-DDEC702A0585}"
EndProject
Project("{8BC9CEB8-8B4A-11D0-8D11-00A0C91BC942}") = "Engine", "Engine\Default\Engine.vcxproj", "{4C76B4D7-D8D2-497D-A46B-BCF80ADFC40A}"
EndProject
Project("{8BC9CEB8-8B4A-11D0-8D11-00A0C91BC942}") = "Editor", "Editor\Default\Editor.vcxproj", "{1A3341BC-6B76-48D8-BE20-AD18983BC995}"
EndProject
Global
	GlobalSection(SolutionConfigurationPlatforms) = preSolution
		Debug|x64 = Debug|x64
		Debug|x86 = Debug|x86
		Release|x64 = Release|x64
		Release|x86 = Release|x86
	EndGlobalSection
	GlobalSection(ProjectConfigurationPlatforms) = postSolution
		{1C957C23-C966-43FA-9D22-DDEC702A0585}.Debug|x64.ActiveCfg = Debug|x64
		{1C957C23-C966-43FA-9D22-DDEC702A0585}.Debug|x64.Build.0 = Debug|x64
		{1C957C23-C966-43FA-9D22-DDEC702A0585}.Debug|x86.ActiveCfg = Debug|x64
		{1C957C23-C966-43FA-9D22-DDEC702A0585}.Debug|x86.Build.0 = Debug|x64
		{1C957C23-C966-43FA-9D22-DDEC702A0585}.Release|x64.ActiveCfg = Release|x64
		{1C957C23-C966-43FA-9D22-DDEC702A0585}.Release|x64.Build.0 = Release|x64
		{1C957C23-C966-43FA-9D22-DDEC702A0585}.Release|x86.ActiveCfg = Release|Win32
		{1C957C23-C966-43FA-9D22-DDEC702A0585}.Release|x86.Build.0 = Release|Win32
		{4C76B4D7-D8D2-497D-A46B-BCF80ADFC40A}.Debug|x64.ActiveCfg = Debug|x64
		{4C76B4D7-D8D2-497D-A46B-BCF80ADFC40A}.Debug|x64.Build.0 = Debug|x64
		{4C76B4D7-D8D2-497D-A46B-BCF80ADFC40A}.Debug|x86.ActiveCfg = Debug|x64
		{4C76B4D7-D8D2-497D-A46B-BCF80ADFC40A}.Debug|x86.Build.0 = Debug|x64
		{4C76B4D7-D8D2-497D-A46B-BCF80ADFC40A}.Release|x64.ActiveCfg = Release|x64
		{4C76B4D7-D8D2-497D-A46B-BCF80ADFC40A}.Release|x64.Build.0 = Release|x64
		{4C76B4D7-D8D2-497D-A46B-BCF80ADFC40A}.Release|x86.ActiveCfg = Release|Win32
		{4C76B4D7-D8D2-497D-A46B-BCF80ADFC40A}.Release|x86.Build.0 = Release|Win32
		{1A3341BC-6B76-48D8-BE20-AD18983BC995}.Debug|x64.ActiveCfg = Debug|x64
		{1A3341BC-6B76-48D8-BE20-AD18983BC995}.Debug|x64.Build.0 = Debug|x64
		{1A3341BC-6B76-48D8-BE20-AD18983BC995}.Debug|x86.ActiveCfg = Debug|x64
		{1A3341BC-6B76-48D8-BE20-AD18983BC995}.Debug|x86.Build.0 = Debug|x64
		{1A3341BC-6B76-48D8-BE20-AD18983BC995}.Release|x64.ActiveCfg = Release|x64
		{1A3341BC-6B76-48D8-BE20-AD18983BC995}.Release|x64.Build.0 = Release|x64
		{1A3341BC-6B76-48D8-BE20-AD18983BC995}.Release|x86.ActiveCfg = Release|Win32
		{1A3341BC-6B76-48D8-BE20-AD18983BC995}.Release|x86.Build.0 = Release|Win32
	EndGlobalSection
	GlobalSection(SolutionProperties) = preSolution
		HideSolutionNode = FALSE
	EndGlobalSection
EndGlobal
