<?xml version="1.0" encoding="utf-8"?>
<Project ToolsVersion="4.0" xmlns="http://schemas.microsoft.com/developer/msbuild/2003">
  <ItemGroup>
    <Filter Include="99.Default">
      <UniqueIdentifier>{2e2272e7-60a5-4c36-adc2-8142c3f7423d}</UniqueIdentifier>
    </Filter>
    <Filter Include="00.MainApp">
      <UniqueIdentifier>{3e7dbc9b-69a3-4014-a846-dbbceb7d70df}</UniqueIdentifier>
    </Filter>
    <Filter Include="98.Include">
      <UniqueIdentifier>{f2001eae-e2d3-4e20-90c3-b74150ed8f0d}</UniqueIdentifier>
    </Filter>
    <Filter Include="01.Scene">
      <UniqueIdentifier>{fb3559bc-5e87-4c5b-b57e-9625bdbbf03c}</UniqueIdentifier>
    </Filter>
    <Filter Include="02.Objects">
      <UniqueIdentifier>{50f5935f-2a42-4e51-81e7-19417db711ed}</UniqueIdentifier>
    </Filter>
    <Filter Include="02.Objects\01.Player">
      <UniqueIdentifier>{fb136d06-05de-4244-9b21-c4b8608835ee}</UniqueIdentifier>
    </Filter>
    <Filter Include="02.Objects\02.MapObject">
      <UniqueIdentifier>{e779260b-ade1-4f35-bef5-75d97fde29b5}</UniqueIdentifier>
    </Filter>
    <Filter Include="02.Objects\04.Boss">
      <UniqueIdentifier>{a6aaa3f5-76d1-4810-b1f2-ff7d8fbb4637}</UniqueIdentifier>
    </Filter>
    <Filter Include="02.Objects\03.Camera">
      <UniqueIdentifier>{8338b040-e35b-49d8-a627-32dbc33767d7}</UniqueIdentifier>
    </Filter>
    <Filter Include="02.Objects\04.Boss\00.RollerBlade">
      <UniqueIdentifier>{4804cade-c62d-4756-81e4-22d655c040ea}</UniqueIdentifier>
    </Filter>
    <Filter Include="02.Objects\04.Boss\01.SandBag">
      <UniqueIdentifier>{864fbf90-2f5e-441c-b286-3c7cfb822e01}</UniqueIdentifier>
    </Filter>
    <Filter Include="02.Objects\04.Boss\02.MafiaBall">
      <UniqueIdentifier>{d34a0a1b-71a4-4fdd-860e-d8efa3b5c195}</UniqueIdentifier>
    </Filter>
    <Filter Include="02.Objects\05.UserInterface">
      <UniqueIdentifier>{7c0343b6-e53b-4968-80b1-acd86bec3f79}</UniqueIdentifier>
    </Filter>
    <Filter Include="02.Objects\06.Decoration">
      <UniqueIdentifier>{52935e98-0417-474c-a2e8-c988f701cf57}</UniqueIdentifier>
    </Filter>
    <Filter Include="01.Scene\02.Stage">
      <UniqueIdentifier>{e972338a-2b35-4069-a365-a960da9798c1}</UniqueIdentifier>
    </Filter>
    <Filter Include="01.Scene\02.Stage\00.BossScene">
      <UniqueIdentifier>{65c10c7e-ce0a-4ca8-908f-bb1278ff37cc}</UniqueIdentifier>
    </Filter>
    <Filter Include="01.Scene\99.Changmo">
      <UniqueIdentifier>{b5ddb26e-4a5e-42e9-a402-6ccf5eefef78}</UniqueIdentifier>
    </Filter>
    <Filter Include="01.Scene\03.Credit">
      <UniqueIdentifier>{ec33032f-dc5e-4b9d-a922-a48c159ca6ed}</UniqueIdentifier>
    </Filter>
    <Filter Include="01.Scene\99.Loading">
      <UniqueIdentifier>{ea353fc7-3e80-41cf-9933-6e363a009886}</UniqueIdentifier>
    </Filter>
    <Filter Include="01.Scene\01.Logo">
      <UniqueIdentifier>{6a386415-26f7-4728-b213-7a2e84e8d514}</UniqueIdentifier>
    </Filter>
    <Filter Include="01.Scene\00.Static">
      <UniqueIdentifier>{2c5f86b9-d149-45db-bce2-0a2adc67aee6}</UniqueIdentifier>
    </Filter>
    <Filter Include="02.Objects\07.Wall">
      <UniqueIdentifier>{f7c765cc-61db-4ce5-9d5b-aa65436f14f4}</UniqueIdentifier>
    </Filter>
    <Filter Include="02.Objects\08.Mafia">
      <UniqueIdentifier>{9c0a6cd1-a70b-417e-a635-95a8bcbe1e65}</UniqueIdentifier>
    </Filter>
    <Filter Include="02.Objects\08.Mafia\00.Basic">
      <UniqueIdentifier>{d81601d4-fbe4-4f3d-9f26-f9f64ae3e73c}</UniqueIdentifier>
    </Filter>
    <Filter Include="02.Objects\01.Player\01.FireHat">
      <UniqueIdentifier>{9feb64ac-d629-4917-80c9-4b1b283fc007}</UniqueIdentifier>
    </Filter>
    <Filter Include="02.Objects\08.Cloud">
      <UniqueIdentifier>{33682de0-a689-4e3b-8a1d-cdf7f072fda4}</UniqueIdentifier>
    </Filter>
    <Filter Include="02.Objects\01.Player\00.JumpHat">
      <UniqueIdentifier>{db8d685c-bb2d-4a05-91a5-402dff1d487e}</UniqueIdentifier>
    </Filter>
    <Filter Include="02.Objects\01.Player\02.PlayerAttack">
      <UniqueIdentifier>{ee13853d-b4e7-4820-8e14-2dd1f65d97ab}</UniqueIdentifier>
    </Filter>
    <Filter Include="03.Component">
      <UniqueIdentifier>{614eb073-2122-4fe1-b528-07ee62180f53}</UniqueIdentifier>
    </Filter>
  </ItemGroup>
  <ItemGroup>
    <ClInclude Include="Resource.h">
      <Filter>99.Default</Filter>
    </ClInclude>
    <ClInclude Include="stdafx.h">
      <Filter>99.Default</Filter>
    </ClInclude>
    <ClInclude Include="targetver.h">
      <Filter>99.Default</Filter>
    </ClInclude>
    <ClInclude Include="Client.h">
      <Filter>99.Default</Filter>
    </ClInclude>
    <ClInclude Include="..\Header\MainApp.h">
      <Filter>00.MainApp</Filter>
    </ClInclude>
    <ClInclude Include="..\Header\ChangmoScene.h">
      <Filter>01.Scene\99.Changmo</Filter>
    </ClInclude>
    <ClInclude Include="..\Header\ClientEnum.h">
      <Filter>98.Include</Filter>
    </ClInclude>
    <ClInclude Include="..\Header\ClientMacro.h">
      <Filter>98.Include</Filter>
    </ClInclude>
    <ClInclude Include="..\Header\ClientStructure.h">
      <Filter>98.Include</Filter>
    </ClInclude>
    <ClInclude Include="..\Header\ClientTypedef.h">
      <Filter>98.Include</Filter>
    </ClInclude>
    <ClInclude Include="..\Header\ClientDefine.h">
      <Filter>98.Include</Filter>
    </ClInclude>
    <ClInclude Include="..\Header\Player.h">
      <Filter>02.Objects\01.Player</Filter>
    </ClInclude>
    <ClInclude Include="..\Header\BossScene.h">
      <Filter>01.Scene\02.Stage\00.BossScene</Filter>
    </ClInclude>
    <ClInclude Include="..\Header\MapObject.h">
      <Filter>02.Objects\02.MapObject</Filter>
    </ClInclude>
    <ClInclude Include="..\Header\Camera.h">
      <Filter>02.Objects\03.Camera</Filter>
    </ClInclude>
    <ClInclude Include="..\Header\Boss.h">
      <Filter>02.Objects\04.Boss</Filter>
    </ClInclude>
    <ClInclude Include="..\Header\RollerBlade.h">
      <Filter>02.Objects\04.Boss\00.RollerBlade</Filter>
    </ClInclude>
    <ClInclude Include="..\Header\SandBag.h">
      <Filter>02.Objects\04.Boss\01.SandBag</Filter>
    </ClInclude>
    <ClInclude Include="..\Header\MafiaBall.h">
      <Filter>02.Objects\04.Boss\02.MafiaBall</Filter>
    </ClInclude>
    <ClInclude Include="..\Header\LogoScene.h">
      <Filter>01.Scene\01.Logo</Filter>
    </ClInclude>
    <ClInclude Include="..\Header\UserInterface.h">
      <Filter>02.Objects\05.UserInterface</Filter>
    </ClInclude>
    <ClInclude Include="..\Header\Decoration.h">
      <Filter>02.Objects\06.Decoration</Filter>
    </ClInclude>
    <ClInclude Include="..\Header\CreditScene.h">
      <Filter>01.Scene\03.Credit</Filter>
    </ClInclude>
    <ClInclude Include="..\Header\StaticScene.h">
      <Filter>01.Scene\00.Static</Filter>
    </ClInclude>
    <ClInclude Include="..\Header\Loading.h">
      <Filter>01.Scene\99.Loading</Filter>
    </ClInclude>
    <ClInclude Include="..\Header\Wall.h">
      <Filter>02.Objects\07.Wall</Filter>
    </ClInclude>
    <ClInclude Include="..\Header\Mafia.h">
      <Filter>02.Objects\08.Mafia\00.Basic</Filter>
    </ClInclude>
    <ClInclude Include="..\Header\JumpHat.h">
      <Filter>02.Objects\01.Player\00.JumpHat</Filter>
    </ClInclude>
    <ClInclude Include="..\Header\FireHat.h">
      <Filter>02.Objects\01.Player\01.FireHat</Filter>
    </ClInclude>
    <ClInclude Include="..\Header\Cloud.h">
      <Filter>02.Objects\08.Cloud</Filter>
    </ClInclude>
    <ClInclude Include="..\Header\PlayerAttack.h">
      <Filter>02.Objects\01.Player\02.PlayerAttack</Filter>
    </ClInclude>
  </ItemGroup>
  <ItemGroup>
    <ClCompile Include="stdafx.cpp">
      <Filter>99.Default</Filter>
    </ClCompile>
    <ClCompile Include="Client.cpp">
      <Filter>99.Default</Filter>
    </ClCompile>
    <ClCompile Include="..\Code\MainApp.cpp">
      <Filter>00.MainApp</Filter>
    </ClCompile>
    <ClCompile Include="..\Code\ChangmoScene.cpp">
      <Filter>01.Scene\99.Changmo</Filter>
    </ClCompile>
    <ClCompile Include="..\Code\Player.cpp">
      <Filter>02.Objects\01.Player</Filter>
    </ClCompile>
    <ClCompile Include="..\Code\BossScene.cpp">
      <Filter>01.Scene\02.Stage\00.BossScene</Filter>
    </ClCompile>
    <ClCompile Include="..\Code\MapObject.cpp">
      <Filter>02.Objects\02.MapObject</Filter>
    </ClCompile>
    <ClCompile Include="..\Code\Camera.cpp">
      <Filter>02.Objects\03.Camera</Filter>
    </ClCompile>
    <ClCompile Include="..\Code\Boss.cpp">
      <Filter>02.Objects\04.Boss</Filter>
    </ClCompile>
    <ClCompile Include="..\Code\RollerBlade.cpp">
      <Filter>02.Objects\04.Boss\00.RollerBlade</Filter>
    </ClCompile>
    <ClCompile Include="..\Code\SandBag.cpp">
      <Filter>02.Objects\04.Boss\01.SandBag</Filter>
    </ClCompile>
    <ClCompile Include="..\Code\MafiaBall.cpp">
      <Filter>02.Objects\04.Boss\02.MafiaBall</Filter>
    </ClCompile>
    <ClCompile Include="..\Code\LogoScene.cpp">
      <Filter>01.Scene\01.Logo</Filter>
    </ClCompile>
    <ClCompile Include="..\Code\UserInterface.cpp">
      <Filter>02.Objects\05.UserInterface</Filter>
    </ClCompile>
    <ClCompile Include="..\Code\Decoration.cpp">
      <Filter>02.Objects\06.Decoration</Filter>
    </ClCompile>
    <ClCompile Include="..\Code\CreditScene.cpp">
      <Filter>01.Scene\03.Credit</Filter>
    </ClCompile>
    <ClCompile Include="..\Code\StaticScene.cpp">
      <Filter>01.Scene\00.Static</Filter>
    </ClCompile>
    <ClCompile Include="..\Code\Loading.cpp">
      <Filter>01.Scene\99.Loading</Filter>
    </ClCompile>
    <ClCompile Include="..\Code\Wall.cpp">
      <Filter>02.Objects\07.Wall</Filter>
    </ClCompile>
    <ClCompile Include="..\Code\Mafia.cpp">
      <Filter>02.Objects\08.Mafia\00.Basic</Filter>
    </ClCompile>
    <ClCompile Include="..\Code\JumpHat.cpp">
      <Filter>02.Objects\01.Player\00.JumpHat</Filter>
    </ClCompile>
    <ClCompile Include="..\Code\FireHat.cpp">
      <Filter>02.Objects\01.Player\01.FireHat</Filter>
    </ClCompile>
    <ClCompile Include="..\Code\Cloud.cpp">
      <Filter>02.Objects\08.Cloud</Filter>
    </ClCompile>
    <ClCompile Include="..\Code\PlayerAttack.cpp">
      <Filter>02.Objects\01.Player\02.PlayerAttack</Filter>
    </ClCompile>
  </ItemGroup>
  <ItemGroup>
    <Image Include="small.ico">
      <Filter>99.Default</Filter>
    </Image>
    <Image Include="SR_BaseEngine.ico">
      <Filter>99.Default</Filter>
    </Image>
  </ItemGroup>
  <ItemGroup>
    <ResourceCompile Include="SR_BaseEngine.rc">
      <Filter>99.Default</Filter>
    </ResourceCompile>
  </ItemGroup>
</Project>